
Microsoft Visual Studio Solution File, Format Version 12.00
# Visual Studio Version 17
VisualStudioVersion = 17.11.35327.3
MinimumVisualStudioVersion = 10.0.40219.1
Project("{FAE04EC0-301F-11D3-BF4B-00C04F79EFBC}") = "CRUDApiProject", "CRUDApiProject\CRUDApiProject.csproj", "{0414CD6B-4931-4A14-8632-E1320ABE0093}"
EndProject
Global
	GlobalSection(SolutionConfigurationPlatforms) = preSolution
		Debug|Any CPU = Debug|Any CPU
		Release|Any CPU = Release|Any CPU
	EndGlobalSection
	GlobalSection(ProjectConfigurationPlatforms) = postSolution
		{0414CD6B-4931-4A14-8632-E1320ABE0093}.Debug|Any CPU.ActiveCfg = Debug|Any CPU
		{0414CD6B-4931-4A14-8632-E1320ABE0093}.Debug|Any CPU.Build.0 = Debug|Any CPU
		{0414CD6B-4931-4A14-8632-E1320ABE0093}.Release|Any CPU.ActiveCfg = Release|Any CPU
		{0414CD6B-4931-4A14-8632-E1320ABE0093}.Release|Any CPU.Build.0 = Release|Any CPU
	EndGlobalSection
	GlobalSection(SolutionProperties) = preSolution
		HideSolutionNode = FALSE
	EndGlobalSection
	GlobalSection(ExtensibilityGlobals) = postSolution
		SolutionGuid = {EC25A16E-68AA-4C98-A31A-EBF13EFB78D2}
	EndGlobalSection
EndGlobal
